
Microsoft Visual Studio Solution File, Format Version 12.00
# Visual Studio Version 16
VisualStudioVersion = 16.0.30330.147
MinimumVisualStudioVersion = 10.0.40219.1
Project("{FAE04EC0-301F-11D3-BF4B-00C04F79EFBC}") = "Task", "Task\Task.csproj", "{4784C0B7-ACB5-45EC-B78A-B228F42FDAF8}"
EndProject
Global
	GlobalSection(SolutionConfigurationPlatforms) = preSolution
		Debug|Any CPU = Debug|Any CPU
		Release|Any CPU = Release|Any CPU
	EndGlobalSection
	GlobalSection(ProjectConfigurationPlatforms) = postSolution
		{4784C0B7-ACB5-45EC-B78A-B228F42FDAF8}.Debug|Any CPU.ActiveCfg = Debug|Any CPU
		{4784C0B7-ACB5-45EC-B78A-B228F42FDAF8}.Debug|Any CPU.Build.0 = Debug|Any CPU
		{4784C0B7-ACB5-45EC-B78A-B228F42FDAF8}.Release|Any CPU.ActiveCfg = Release|Any CPU
		{4784C0B7-ACB5-45EC-B78A-B228F42FDAF8}.Release|Any CPU.Build.0 = Release|Any CPU
	EndGlobalSection
	GlobalSection(SolutionProperties) = preSolution
		HideSolutionNode = FALSE
	EndGlobalSection
	GlobalSection(ExtensibilityGlobals) = postSolution
		SolutionGuid = {39984FC3-9F6A-4E28-8D38-48C57589EB8D}
	EndGlobalSection
EndGlobal
